
Microsoft Visual Studio Solution File, Format Version 12.00
# Visual Studio Version 17
VisualStudioVersion = 17.14.36429.23
MinimumVisualStudioVersion = 10.0.40219.1
Project("{2150E333-8FDC-42A3-9474-1A3956D46DE8}") = "Task0", "Task0", "{02EA681E-C7D8-13C7-8484-4AC65E1B71E8}"
EndProject
Project("{FAE04EC0-301F-11D3-BF4B-00C04F79EFBC}") = "Tyuiu.KazachekI.Sprint1.Task0.V15", "Tyuiu.KazachekI.Sprint1.Task0.V15\Tyuiu.KazachekI.Sprint1.Task0.V15.csproj", "{0D933287-3913-4E3B-BABF-050419343C05}"
EndProject
Project("{FAE04EC0-301F-11D3-BF4B-00C04F79EFBC}") = "Tyuiu.KazachekI.Sprint1.Task0.V15.Lib", "Tyuiu.KazachekI.Sprint1.Task0.V15.Lib\Tyuiu.KazachekI.Sprint1.Task0.V15.Lib.csproj", "{517B29B0-B528-4C7C-BBB5-7F87E191AF19}"
EndProject
Project("{FAE04EC0-301F-11D3-BF4B-00C04F79EFBC}") = "Tyuiu.KazachekI.Sprint1.Task0.V15.Test", "Tyuiu.KazachekI.Sprint1.Task0.V15.Test\Tyuiu.KazachekI.Sprint1.Task0.V15.Test.csproj", "{C79388A8-EC19-4C5C-8756-185043EC3EFD}"
EndProject
Project("{2150E333-8FDC-42A3-9474-1A3956D46DE8}") = "Task1", "Task1", "{36EAD23F-85C3-42F6-A858-9D1401C7861F}"
EndProject
Project("{FAE04EC0-301F-11D3-BF4B-00C04F79EFBC}") = "Tyuiu.KazachekI.Sprint1.Task1.V18", "Tyuiu.KazachekI.Sprint1.Task1.V18\Tyuiu.KazachekI.Sprint1.Task1.V18.csproj", "{49BEC719-02DF-44C8-A248-789D313F59A4}"
EndProject
Project("{FAE04EC0-301F-11D3-BF4B-00C04F79EFBC}") = "Tyuiu.KazachekI.Sprint1.Task1.V18.Lib", "Tyuiu.KazachekI.Sprint1.Task1.V18.Lib\Tyuiu.KazachekI.Sprint1.Task1.V18.Lib.csproj", "{1E32D383-0C30-4BA5-B969-908F1F2E15AD}"
EndProject
Project("{FAE04EC0-301F-11D3-BF4B-00C04F79EFBC}") = "Tyuiu.KazachekI.Sprint1.Task1.V18.Test", "Tyuiu.KazachekI.Sprint1.Task1.V18.Test\Tyuiu.KazachekI.Sprint1.Task1.V18.Test.csproj", "{D890A9C2-784C-45DC-93DB-1D2B10C1285F}"
EndProject
Project("{2150E333-8FDC-42A3-9474-1A3956D46DE8}") = "Task2", "Task2", "{0C6CEC3E-6203-4F39-9593-3E541BCDC7C1}"
EndProject
Project("{FAE04EC0-301F-11D3-BF4B-00C04F79EFBC}") = "Tyuiu.KazachekI.Sprint1.Task2.V28", "Tyuiu.KazachekI.Sprint1.Task2.V28\Tyuiu.KazachekI.Sprint1.Task2.V28.csproj", "{03F8BBDB-DE2F-4A80-BC9A-36A6B8A0C13C}"
EndProject
Project("{FAE04EC0-301F-11D3-BF4B-00C04F79EFBC}") = "Tyuiu.KazachekI.Sprint1.Task2.V28.Test", "Tyuiu.KazachekI.Sprint1.Task2.V28.Test\Tyuiu.KazachekI.Sprint1.Task2.V28.Test.csproj", "{4DE26C25-D29D-4063-8BD1-AEC70E4E4376}"
EndProject
Project("{FAE04EC0-301F-11D3-BF4B-00C04F79EFBC}") = "Tyuiu.KazachekI.Sprint1.Task2.V28.Lib", "Tyuiu.KazachekI.Sprint1.Task2.V28.Lib\Tyuiu.KazachekI.Sprint1.Task2.V28.Lib.csproj", "{86A3E3A8-28EC-4746-BF2D-CBE81BDC4D27}"
EndProject
Project("{2150E333-8FDC-42A3-9474-1A3956D46DE8}") = "Task3", "Task3", "{40DAEEFB-056B-43C0-863F-0F1220F17DAD}"
EndProject
Project("{FAE04EC0-301F-11D3-BF4B-00C04F79EFBC}") = "Tyuiu.KazachekI.Sprint1.Task3.V11", "Tyuiu.KazachekI.Sprint1.Task3.V11\Tyuiu.KazachekI.Sprint1.Task3.V11.csproj", "{4E3EF23C-B048-411A-8240-AED3B8BE508A}"
EndProject
Project("{FAE04EC0-301F-11D3-BF4B-00C04F79EFBC}") = "Tyuiu.KazachekI.Sprint1.Task3.V11.Test", "Tyuiu.KazachekI.Sprint1.Task3.V11.Test\Tyuiu.KazachekI.Sprint1.Task3.V11.Test.csproj", "{7BE92D4F-E851-461C-B82D-B6DD0CA16CC3}"
EndProject
Project("{FAE04EC0-301F-11D3-BF4B-00C04F79EFBC}") = "Tyuiu.KazachekI.Sprint1.Task3.V11.Lib", "Tyuiu.KazachekI.Sprint1.Task3.V11.Lib\Tyuiu.KazachekI.Sprint1.Task3.V11.Lib.csproj", "{359A232D-DF67-4CC1-B12D-8627E7D6336A}"
EndProject
Project("{2150E333-8FDC-42A3-9474-1A3956D46DE8}") = "Task4", "Task4", "{88192C7B-9EC2-49D7-9DEE-1878F3682587}"
EndProject
Project("{FAE04EC0-301F-11D3-BF4B-00C04F79EFBC}") = "Tyuiu.KazachekI.Sprint1.Task4.V28", "Tyuiu.KazachekI.Sprint1.Task4.V28\Tyuiu.KazachekI.Sprint1.Task4.V28.csproj", "{DDA6A2BF-465C-4E50-9034-D71F617DAF90}"
EndProject
Project("{FAE04EC0-301F-11D3-BF4B-00C04F79EFBC}") = "Tyuiu.KazachekI.Sprint1.Task4.V28.Lib", "Tyuiu.KazachekI.Sprint1.Task4.V28.Lib\Tyuiu.KazachekI.Sprint1.Task4.V28.Lib.csproj", "{B129358F-86AB-4406-8F1A-92422D0D42D7}"
EndProject
Project("{FAE04EC0-301F-11D3-BF4B-00C04F79EFBC}") = "Tyuiu.KazachekI.Sprint1.Task4.V28.Test", "Tyuiu.KazachekI.Sprint1.Task4.V28.Test\Tyuiu.KazachekI.Sprint1.Task4.V28.Test.csproj", "{E9734E3F-58A9-425E-B241-A1F30E99DD2E}"
EndProject
Project("{2150E333-8FDC-42A3-9474-1A3956D46DE8}") = "Task5", "Task5", "{7DC18AEB-F968-48E3-8DEA-4E3317EEFC6B}"
EndProject
Project("{FAE04EC0-301F-11D3-BF4B-00C04F79EFBC}") = "Tyuiu.KazachekI.Sprint1.Task5.V3", "Tyuiu.KazachekI.Sprint1.Task5.V3\Tyuiu.KazachekI.Sprint1.Task5.V3.csproj", "{8B4219B5-83CE-4FF9-BA3F-F331E77A18A3}"
EndProject
Project("{FAE04EC0-301F-11D3-BF4B-00C04F79EFBC}") = "Tyuiu.KazachekI.Sprint1.Task5.V3.Lib", "Tyuiu.KazachekI.Sprint1.Task5.V3.Lib\Tyuiu.KazachekI.Sprint1.Task5.V3.Lib.csproj", "{F8224CCA-4979-4B94-B34B-766DC112A86A}"
EndProject
Project("{FAE04EC0-301F-11D3-BF4B-00C04F79EFBC}") = "Tyuiu.KazachekI.Sprint1.Task5.V3.Test", "Tyuiu.KazachekI.Sprint1.Task5.V3.Test\Tyuiu.KazachekI.Sprint1.Task5.V3.Test.csproj", "{459D719D-9E77-4ECD-9011-3A7075E149CA}"
EndProject
Project("{2150E333-8FDC-42A3-9474-1A3956D46DE8}") = "Task6", "Task6", "{CBB9ECCF-D273-4077-95C4-65FF98530B63}"
EndProject
Project("{FAE04EC0-301F-11D3-BF4B-00C04F79EFBC}") = "Tyuiu.KazachekI.Sprint1.Task6.V15", "Tyuiu.KazachekI.Sprint1.Task6.V15\Tyuiu.KazachekI.Sprint1.Task6.V15.csproj", "{F6499D79-6AD7-4B22-BA80-AEA4C47CEE25}"
EndProject
Project("{FAE04EC0-301F-11D3-BF4B-00C04F79EFBC}") = "Tyuiu.KazachekI.Sprint1.Task6.V15.Lib", "Tyuiu.KazachekI.Sprint1.Task6.V15.Lib\Tyuiu.KazachekI.Sprint1.Task6.V15.Lib.csproj", "{9B4E97BB-701E-4235-92CA-267D0EFE9F83}"
EndProject
Project("{FAE04EC0-301F-11D3-BF4B-00C04F79EFBC}") = "Tyuiu.KazachekI.Sprint1.Task6.V15.Test", "Tyuiu.KazachekI.Sprint1.Task6.V15.Test\Tyuiu.KazachekI.Sprint1.Task6.V15.Test.csproj", "{94823688-FA47-4435-97AE-4EFCAEADA5EE}"
EndProject
Project("{2150E333-8FDC-42A3-9474-1A3956D46DE8}") = "Task7", "Task7", "{28710510-F8F2-445A-B1F4-031C84B91914}"
EndProject
Project("{FAE04EC0-301F-11D3-BF4B-00C04F79EFBC}") = "Tyuiu.KazachekI.Sprint1.Task7.V4", "Tyuiu.KazachekI.Sprint1.Task7.V4\Tyuiu.KazachekI.Sprint1.Task7.V4.csproj", "{A190937D-89A1-4DDB-ADEC-8B90C4710792}"
EndProject
Project("{FAE04EC0-301F-11D3-BF4B-00C04F79EFBC}") = "Tyuiu.KazachekI.Sprint1.Task7.V4.Lib", "Tyuiu.KazachekI.Sprint1.Task7.V4.Lib\Tyuiu.KazachekI.Sprint1.Task7.V4.Lib.csproj", "{5E700D99-910F-4C16-9833-BEE72A821592}"
EndProject
Project("{FAE04EC0-301F-11D3-BF4B-00C04F79EFBC}") = "Tyuiu.KazachekI.Sprint1.Task7.V4.Test", "Tyuiu.KazachekI.Sprint1.Task7.V4.Test\Tyuiu.KazachekI.Sprint1.Task7.V4.Test.csproj", "{75E02E70-F4B5-4012-9215-4878C5025DB6}"
EndProject
Global
	GlobalSection(SolutionConfigurationPlatforms) = preSolution
		Debug|Any CPU = Debug|Any CPU
		Release|Any CPU = Release|Any CPU
	EndGlobalSection
	GlobalSection(ProjectConfigurationPlatforms) = postSolution
		{0D933287-3913-4E3B-BABF-050419343C05}.Debug|Any CPU.ActiveCfg = Debug|Any CPU
		{0D933287-3913-4E3B-BABF-050419343C05}.Debug|Any CPU.Build.0 = Debug|Any CPU
		{0D933287-3913-4E3B-BABF-050419343C05}.Release|Any CPU.ActiveCfg = Release|Any CPU
		{0D933287-3913-4E3B-BABF-050419343C05}.Release|Any CPU.Build.0 = Release|Any CPU
		{517B29B0-B528-4C7C-BBB5-7F87E191AF19}.Debug|Any CPU.ActiveCfg = Debug|Any CPU
		{517B29B0-B528-4C7C-BBB5-7F87E191AF19}.Debug|Any CPU.Build.0 = Debug|Any CPU
		{517B29B0-B528-4C7C-BBB5-7F87E191AF19}.Release|Any CPU.ActiveCfg = Release|Any CPU
		{517B29B0-B528-4C7C-BBB5-7F87E191AF19}.Release|Any CPU.Build.0 = Release|Any CPU
		{C79388A8-EC19-4C5C-8756-185043EC3EFD}.Debug|Any CPU.ActiveCfg = Debug|Any CPU
		{C79388A8-EC19-4C5C-8756-185043EC3EFD}.Debug|Any CPU.Build.0 = Debug|Any CPU
		{C79388A8-EC19-4C5C-8756-185043EC3EFD}.Release|Any CPU.ActiveCfg = Release|Any CPU
		{C79388A8-EC19-4C5C-8756-185043EC3EFD}.Release|Any CPU.Build.0 = Release|Any CPU
		{49BEC719-02DF-44C8-A248-789D313F59A4}.Debug|Any CPU.ActiveCfg = Debug|Any CPU
		{49BEC719-02DF-44C8-A248-789D313F59A4}.Debug|Any CPU.Build.0 = Debug|Any CPU
		{49BEC719-02DF-44C8-A248-789D313F59A4}.Release|Any CPU.ActiveCfg = Release|Any CPU
		{49BEC719-02DF-44C8-A248-789D313F59A4}.Release|Any CPU.Build.0 = Release|Any CPU
		{1E32D383-0C30-4BA5-B969-908F1F2E15AD}.Debug|Any CPU.ActiveCfg = Debug|Any CPU
		{1E32D383-0C30-4BA5-B969-908F1F2E15AD}.Debug|Any CPU.Build.0 = Debug|Any CPU
		{1E32D383-0C30-4BA5-B969-908F1F2E15AD}.Release|Any CPU.ActiveCfg = Release|Any CPU
		{1E32D383-0C30-4BA5-B969-908F1F2E15AD}.Release|Any CPU.Build.0 = Release|Any CPU
		{D890A9C2-784C-45DC-93DB-1D2B10C1285F}.Debug|Any CPU.ActiveCfg = Debug|Any CPU
		{D890A9C2-784C-45DC-93DB-1D2B10C1285F}.Debug|Any CPU.Build.0 = Debug|Any CPU
		{D890A9C2-784C-45DC-93DB-1D2B10C1285F}.Release|Any CPU.ActiveCfg = Release|Any CPU
		{D890A9C2-784C-45DC-93DB-1D2B10C1285F}.Release|Any CPU.Build.0 = Release|Any CPU
		{03F8BBDB-DE2F-4A80-BC9A-36A6B8A0C13C}.Debug|Any CPU.ActiveCfg = Debug|Any CPU
		{03F8BBDB-DE2F-4A80-BC9A-36A6B8A0C13C}.Debug|Any CPU.Build.0 = Debug|Any CPU
		{03F8BBDB-DE2F-4A80-BC9A-36A6B8A0C13C}.Release|Any CPU.ActiveCfg = Release|Any CPU
		{03F8BBDB-DE2F-4A80-BC9A-36A6B8A0C13C}.Release|Any CPU.Build.0 = Release|Any CPU
		{4DE26C25-D29D-4063-8BD1-AEC70E4E4376}.Debug|Any CPU.ActiveCfg = Debug|Any CPU
		{4DE26C25-D29D-4063-8BD1-AEC70E4E4376}.Debug|Any CPU.Build.0 = Debug|Any CPU
		{4DE26C25-D29D-4063-8BD1-AEC70E4E4376}.Release|Any CPU.ActiveCfg = Release|Any CPU
		{4DE26C25-D29D-4063-8BD1-AEC70E4E4376}.Release|Any CPU.Build.0 = Release|Any CPU
		{86A3E3A8-28EC-4746-BF2D-CBE81BDC4D27}.Debug|Any CPU.ActiveCfg = Debug|Any CPU
		{86A3E3A8-28EC-4746-BF2D-CBE81BDC4D27}.Debug|Any CPU.Build.0 = Debug|Any CPU
		{86A3E3A8-28EC-4746-BF2D-CBE81BDC4D27}.Release|Any CPU.ActiveCfg = Release|Any CPU
		{86A3E3A8-28EC-4746-BF2D-CBE81BDC4D27}.Release|Any CPU.Build.0 = Release|Any CPU
		{4E3EF23C-B048-411A-8240-AED3B8BE508A}.Debug|Any CPU.ActiveCfg = Debug|Any CPU
		{4E3EF23C-B048-411A-8240-AED3B8BE508A}.Debug|Any CPU.Build.0 = Debug|Any CPU
		{4E3EF23C-B048-411A-8240-AED3B8BE508A}.Release|Any CPU.ActiveCfg = Release|Any CPU
		{4E3EF23C-B048-411A-8240-AED3B8BE508A}.Release|Any CPU.Build.0 = Release|Any CPU
		{7BE92D4F-E851-461C-B82D-B6DD0CA16CC3}.Debug|Any CPU.ActiveCfg = Debug|Any CPU
		{7BE92D4F-E851-461C-B82D-B6DD0CA16CC3}.Debug|Any CPU.Build.0 = Debug|Any CPU
		{7BE92D4F-E851-461C-B82D-B6DD0CA16CC3}.Release|Any CPU.ActiveCfg = Release|Any CPU
		{7BE92D4F-E851-461C-B82D-B6DD0CA16CC3}.Release|Any CPU.Build.0 = Release|Any CPU
		{359A232D-DF67-4CC1-B12D-8627E7D6336A}.Debug|Any CPU.ActiveCfg = Debug|Any CPU
		{359A232D-DF67-4CC1-B12D-8627E7D6336A}.Debug|Any CPU.Build.0 = Debug|Any CPU
		{359A232D-DF67-4CC1-B12D-8627E7D6336A}.Release|Any CPU.ActiveCfg = Release|Any CPU
		{359A232D-DF67-4CC1-B12D-8627E7D6336A}.Release|Any CPU.Build.0 = Release|Any CPU
		{DDA6A2BF-465C-4E50-9034-D71F617DAF90}.Debug|Any CPU.ActiveCfg = Debug|Any CPU
		{DDA6A2BF-465C-4E50-9034-D71F617DAF90}.Debug|Any CPU.Build.0 = Debug|Any CPU
		{DDA6A2BF-465C-4E50-9034-D71F617DAF90}.Release|Any CPU.ActiveCfg = Release|Any CPU
		{DDA6A2BF-465C-4E50-9034-D71F617DAF90}.Release|Any CPU.Build.0 = Release|Any CPU
		{B129358F-86AB-4406-8F1A-92422D0D42D7}.Debug|Any CPU.ActiveCfg = Debug|Any CPU
		{B129358F-86AB-4406-8F1A-92422D0D42D7}.Debug|Any CPU.Build.0 = Debug|Any CPU
		{B129358F-86AB-4406-8F1A-92422D0D42D7}.Release|Any CPU.ActiveCfg = Release|Any CPU
		{B129358F-86AB-4406-8F1A-92422D0D42D7}.Release|Any CPU.Build.0 = Release|Any CPU
		{E9734E3F-58A9-425E-B241-A1F30E99DD2E}.Debug|Any CPU.ActiveCfg = Debug|Any CPU
		{E9734E3F-58A9-425E-B241-A1F30E99DD2E}.Debug|Any CPU.Build.0 = Debug|Any CPU
		{E9734E3F-58A9-425E-B241-A1F30E99DD2E}.Release|Any CPU.ActiveCfg = Release|Any CPU
		{E9734E3F-58A9-425E-B241-A1F30E99DD2E}.Release|Any CPU.Build.0 = Release|Any CPU
		{8B4219B5-83CE-4FF9-BA3F-F331E77A18A3}.Debug|Any CPU.ActiveCfg = Debug|Any CPU
		{8B4219B5-83CE-4FF9-BA3F-F331E77A18A3}.Debug|Any CPU.Build.0 = Debug|Any CPU
		{8B4219B5-83CE-4FF9-BA3F-F331E77A18A3}.Release|Any CPU.ActiveCfg = Release|Any CPU
		{8B4219B5-83CE-4FF9-BA3F-F331E77A18A3}.Release|Any CPU.Build.0 = Release|Any CPU
		{F8224CCA-4979-4B94-B34B-766DC112A86A}.Debug|Any CPU.ActiveCfg = Debug|Any CPU
		{F8224CCA-4979-4B94-B34B-766DC112A86A}.Debug|Any CPU.Build.0 = Debug|Any CPU
		{F8224CCA-4979-4B94-B34B-766DC112A86A}.Release|Any CPU.ActiveCfg = Release|Any CPU
		{F8224CCA-4979-4B94-B34B-766DC112A86A}.Release|Any CPU.Build.0 = Release|Any CPU
		{459D719D-9E77-4ECD-9011-3A7075E149CA}.Debug|Any CPU.ActiveCfg = Debug|Any CPU
		{459D719D-9E77-4ECD-9011-3A7075E149CA}.Debug|Any CPU.Build.0 = Debug|Any CPU
		{459D719D-9E77-4ECD-9011-3A7075E149CA}.Release|Any CPU.ActiveCfg = Release|Any CPU
		{459D719D-9E77-4ECD-9011-3A7075E149CA}.Release|Any CPU.Build.0 = Release|Any CPU
		{F6499D79-6AD7-4B22-BA80-AEA4C47CEE25}.Debug|Any CPU.ActiveCfg = Debug|Any CPU
		{F6499D79-6AD7-4B22-BA80-AEA4C47CEE25}.Debug|Any CPU.Build.0 = Debug|Any CPU
		{F6499D79-6AD7-4B22-BA80-AEA4C47CEE25}.Release|Any CPU.ActiveCfg = Release|Any CPU
		{F6499D79-6AD7-4B22-BA80-AEA4C47CEE25}.Release|Any CPU.Build.0 = Release|Any CPU
		{9B4E97BB-701E-4235-92CA-267D0EFE9F83}.Debug|Any CPU.ActiveCfg = Debug|Any CPU
		{9B4E97BB-701E-4235-92CA-267D0EFE9F83}.Debug|Any CPU.Build.0 = Debug|Any CPU
		{9B4E97BB-701E-4235-92CA-267D0EFE9F83}.Release|Any CPU.ActiveCfg = Release|Any CPU
		{9B4E97BB-701E-4235-92CA-267D0EFE9F83}.Release|Any CPU.Build.0 = Release|Any CPU
		{94823688-FA47-4435-97AE-4EFCAEADA5EE}.Debug|Any CPU.ActiveCfg = Debug|Any CPU
		{94823688-FA47-4435-97AE-4EFCAEADA5EE}.Debug|Any CPU.Build.0 = Debug|Any CPU
		{94823688-FA47-4435-97AE-4EFCAEADA5EE}.Release|Any CPU.ActiveCfg = Release|Any CPU
		{94823688-FA47-4435-97AE-4EFCAEADA5EE}.Release|Any CPU.Build.0 = Release|Any CPU
		{A190937D-89A1-4DDB-ADEC-8B90C4710792}.Debug|Any CPU.ActiveCfg = Debug|Any CPU
		{A190937D-89A1-4DDB-ADEC-8B90C4710792}.Debug|Any CPU.Build.0 = Debug|Any CPU
		{A190937D-89A1-4DDB-ADEC-8B90C4710792}.Release|Any CPU.ActiveCfg = Release|Any CPU
		{A190937D-89A1-4DDB-ADEC-8B90C4710792}.Release|Any CPU.Build.0 = Release|Any CPU
		{5E700D99-910F-4C16-9833-BEE72A821592}.Debug|Any CPU.ActiveCfg = Debug|Any CPU
		{5E700D99-910F-4C16-9833-BEE72A821592}.Debug|Any CPU.Build.0 = Debug|Any CPU
		{5E700D99-910F-4C16-9833-BEE72A821592}.Release|Any CPU.ActiveCfg = Release|Any CPU
		{5E700D99-910F-4C16-9833-BEE72A821592}.Release|Any CPU.Build.0 = Release|Any CPU
		{75E02E70-F4B5-4012-9215-4878C5025DB6}.Debug|Any CPU.ActiveCfg = Debug|Any CPU
		{75E02E70-F4B5-4012-9215-4878C5025DB6}.Debug|Any CPU.Build.0 = Debug|Any CPU
		{75E02E70-F4B5-4012-9215-4878C5025DB6}.Release|Any CPU.ActiveCfg = Release|Any CPU
		{75E02E70-F4B5-4012-9215-4878C5025DB6}.Release|Any CPU.Build.0 = Release|Any CPU
	EndGlobalSection
	GlobalSection(SolutionProperties) = preSolution
		HideSolutionNode = FALSE
	EndGlobalSection
	GlobalSection(NestedProjects) = preSolution
		{0D933287-3913-4E3B-BABF-050419343C05} = {02EA681E-C7D8-13C7-8484-4AC65E1B71E8}
		{517B29B0-B528-4C7C-BBB5-7F87E191AF19} = {02EA681E-C7D8-13C7-8484-4AC65E1B71E8}
		{C79388A8-EC19-4C5C-8756-185043EC3EFD} = {02EA681E-C7D8-13C7-8484-4AC65E1B71E8}
		{49BEC719-02DF-44C8-A248-789D313F59A4} = {36EAD23F-85C3-42F6-A858-9D1401C7861F}
		{1E32D383-0C30-4BA5-B969-908F1F2E15AD} = {36EAD23F-85C3-42F6-A858-9D1401C7861F}
		{D890A9C2-784C-45DC-93DB-1D2B10C1285F} = {36EAD23F-85C3-42F6-A858-9D1401C7861F}
		{03F8BBDB-DE2F-4A80-BC9A-36A6B8A0C13C} = {0C6CEC3E-6203-4F39-9593-3E541BCDC7C1}
		{4DE26C25-D29D-4063-8BD1-AEC70E4E4376} = {0C6CEC3E-6203-4F39-9593-3E541BCDC7C1}
		{86A3E3A8-28EC-4746-BF2D-CBE81BDC4D27} = {0C6CEC3E-6203-4F39-9593-3E541BCDC7C1}
		{4E3EF23C-B048-411A-8240-AED3B8BE508A} = {40DAEEFB-056B-43C0-863F-0F1220F17DAD}
		{7BE92D4F-E851-461C-B82D-B6DD0CA16CC3} = {40DAEEFB-056B-43C0-863F-0F1220F17DAD}
		{359A232D-DF67-4CC1-B12D-8627E7D6336A} = {40DAEEFB-056B-43C0-863F-0F1220F17DAD}
		{DDA6A2BF-465C-4E50-9034-D71F617DAF90} = {88192C7B-9EC2-49D7-9DEE-1878F3682587}
		{B129358F-86AB-4406-8F1A-92422D0D42D7} = {88192C7B-9EC2-49D7-9DEE-1878F3682587}
		{E9734E3F-58A9-425E-B241-A1F30E99DD2E} = {88192C7B-9EC2-49D7-9DEE-1878F3682587}
		{8B4219B5-83CE-4FF9-BA3F-F331E77A18A3} = {7DC18AEB-F968-48E3-8DEA-4E3317EEFC6B}
		{F8224CCA-4979-4B94-B34B-766DC112A86A} = {7DC18AEB-F968-48E3-8DEA-4E3317EEFC6B}
		{459D719D-9E77-4ECD-9011-3A7075E149CA} = {7DC18AEB-F968-48E3-8DEA-4E3317EEFC6B}
		{F6499D79-6AD7-4B22-BA80-AEA4C47CEE25} = {CBB9ECCF-D273-4077-95C4-65FF98530B63}
		{9B4E97BB-701E-4235-92CA-267D0EFE9F83} = {CBB9ECCF-D273-4077-95C4-65FF98530B63}
		{94823688-FA47-4435-97AE-4EFCAEADA5EE} = {CBB9ECCF-D273-4077-95C4-65FF98530B63}
		{A190937D-89A1-4DDB-ADEC-8B90C4710792} = {28710510-F8F2-445A-B1F4-031C84B91914}
		{5E700D99-910F-4C16-9833-BEE72A821592} = {28710510-F8F2-445A-B1F4-031C84B91914}
		{75E02E70-F4B5-4012-9215-4878C5025DB6} = {28710510-F8F2-445A-B1F4-031C84B91914}
	EndGlobalSection
	GlobalSection(ExtensibilityGlobals) = postSolution
		SolutionGuid = {F544D4C2-AB84-4A05-881A-03E1926C4623}
	EndGlobalSection
EndGlobal
