
Microsoft Visual Studio Solution File, Format Version 12.00
# Visual Studio Version 17
VisualStudioVersion = 17.14.36429.23
MinimumVisualStudioVersion = 10.0.40219.1
Project("{2150E333-8FDC-42A3-9474-1A3956D46DE8}") = "Task0", "Task0", "{02EA681E-C7D8-13C7-8484-4AC65E1B71E8}"
EndProject
Project("{FAE04EC0-301F-11D3-BF4B-00C04F79EFBC}") = "Tyuiu.KazachekI.Sprint1.Task0.V15", "Tyuiu.KazachekI.Sprint1.Task0.V15\Tyuiu.KazachekI.Sprint1.Task0.V15.csproj", "{0D933287-3913-4E3B-BABF-050419343C05}"
EndProject
Project("{FAE04EC0-301F-11D3-BF4B-00C04F79EFBC}") = "Tyuiu.KazachekI.Sprint1.Task0.V15.Lib", "Tyuiu.KazachekI.Sprint1.Task0.V15.Lib\Tyuiu.KazachekI.Sprint1.Task0.V15.Lib.csproj", "{517B29B0-B528-4C7C-BBB5-7F87E191AF19}"
EndProject
Project("{FAE04EC0-301F-11D3-BF4B-00C04F79EFBC}") = "Tyuiu.KazachekI.Sprint1.Task0.V15.Test", "Tyuiu.KazachekI.Sprint1.Task0.V15.Test\Tyuiu.KazachekI.Sprint1.Task0.V15.Test.csproj", "{C79388A8-EC19-4C5C-8756-185043EC3EFD}"
EndProject
Project("{2150E333-8FDC-42A3-9474-1A3956D46DE8}") = "Task1", "Task1", "{36EAD23F-85C3-42F6-A858-9D1401C7861F}"
EndProject
Project("{FAE04EC0-301F-11D3-BF4B-00C04F79EFBC}") = "Tyuiu.KazachekI.Sprint1.Task1.V18", "Tyuiu.KazachekI.Sprint1.Task1.V18\Tyuiu.KazachekI.Sprint1.Task1.V18.csproj", "{49BEC719-02DF-44C8-A248-789D313F59A4}"
EndProject
Project("{FAE04EC0-301F-11D3-BF4B-00C04F79EFBC}") = "Tyuiu.KazachekI.Sprint1.Task1.V18.Lib", "Tyuiu.KazachekI.Sprint1.Task1.V18.Lib\Tyuiu.KazachekI.Sprint1.Task1.V18.Lib.csproj", "{1E32D383-0C30-4BA5-B969-908F1F2E15AD}"
EndProject
Project("{FAE04EC0-301F-11D3-BF4B-00C04F79EFBC}") = "Tyuiu.KazachekI.Sprint1.Task1.V18.Test", "Tyuiu.KazachekI.Sprint1.Task1.V18.Test\Tyuiu.KazachekI.Sprint1.Task1.V18.Test.csproj", "{D890A9C2-784C-45DC-93DB-1D2B10C1285F}"
EndProject
Global
	GlobalSection(SolutionConfigurationPlatforms) = preSolution
		Debug|Any CPU = Debug|Any CPU
		Release|Any CPU = Release|Any CPU
	EndGlobalSection
	GlobalSection(ProjectConfigurationPlatforms) = postSolution
		{0D933287-3913-4E3B-BABF-050419343C05}.Debug|Any CPU.ActiveCfg = Debug|Any CPU
		{0D933287-3913-4E3B-BABF-050419343C05}.Debug|Any CPU.Build.0 = Debug|Any CPU
		{0D933287-3913-4E3B-BABF-050419343C05}.Release|Any CPU.ActiveCfg = Release|Any CPU
		{0D933287-3913-4E3B-BABF-050419343C05}.Release|Any CPU.Build.0 = Release|Any CPU
		{517B29B0-B528-4C7C-BBB5-7F87E191AF19}.Debug|Any CPU.ActiveCfg = Debug|Any CPU
		{517B29B0-B528-4C7C-BBB5-7F87E191AF19}.Debug|Any CPU.Build.0 = Debug|Any CPU
		{517B29B0-B528-4C7C-BBB5-7F87E191AF19}.Release|Any CPU.ActiveCfg = Release|Any CPU
		{517B29B0-B528-4C7C-BBB5-7F87E191AF19}.Release|Any CPU.Build.0 = Release|Any CPU
		{C79388A8-EC19-4C5C-8756-185043EC3EFD}.Debug|Any CPU.ActiveCfg = Debug|Any CPU
		{C79388A8-EC19-4C5C-8756-185043EC3EFD}.Debug|Any CPU.Build.0 = Debug|Any CPU
		{C79388A8-EC19-4C5C-8756-185043EC3EFD}.Release|Any CPU.ActiveCfg = Release|Any CPU
		{C79388A8-EC19-4C5C-8756-185043EC3EFD}.Release|Any CPU.Build.0 = Release|Any CPU
		{49BEC719-02DF-44C8-A248-789D313F59A4}.Debug|Any CPU.ActiveCfg = Debug|Any CPU
		{49BEC719-02DF-44C8-A248-789D313F59A4}.Debug|Any CPU.Build.0 = Debug|Any CPU
		{49BEC719-02DF-44C8-A248-789D313F59A4}.Release|Any CPU.ActiveCfg = Release|Any CPU
		{49BEC719-02DF-44C8-A248-789D313F59A4}.Release|Any CPU.Build.0 = Release|Any CPU
		{1E32D383-0C30-4BA5-B969-908F1F2E15AD}.Debug|Any CPU.ActiveCfg = Debug|Any CPU
		{1E32D383-0C30-4BA5-B969-908F1F2E15AD}.Debug|Any CPU.Build.0 = Debug|Any CPU
		{1E32D383-0C30-4BA5-B969-908F1F2E15AD}.Release|Any CPU.ActiveCfg = Release|Any CPU
		{1E32D383-0C30-4BA5-B969-908F1F2E15AD}.Release|Any CPU.Build.0 = Release|Any CPU
		{D890A9C2-784C-45DC-93DB-1D2B10C1285F}.Debug|Any CPU.ActiveCfg = Debug|Any CPU
		{D890A9C2-784C-45DC-93DB-1D2B10C1285F}.Debug|Any CPU.Build.0 = Debug|Any CPU
		{D890A9C2-784C-45DC-93DB-1D2B10C1285F}.Release|Any CPU.ActiveCfg = Release|Any CPU
		{D890A9C2-784C-45DC-93DB-1D2B10C1285F}.Release|Any CPU.Build.0 = Release|Any CPU
	EndGlobalSection
	GlobalSection(SolutionProperties) = preSolution
		HideSolutionNode = FALSE
	EndGlobalSection
	GlobalSection(NestedProjects) = preSolution
		{0D933287-3913-4E3B-BABF-050419343C05} = {02EA681E-C7D8-13C7-8484-4AC65E1B71E8}
		{517B29B0-B528-4C7C-BBB5-7F87E191AF19} = {02EA681E-C7D8-13C7-8484-4AC65E1B71E8}
		{C79388A8-EC19-4C5C-8756-185043EC3EFD} = {02EA681E-C7D8-13C7-8484-4AC65E1B71E8}
		{49BEC719-02DF-44C8-A248-789D313F59A4} = {36EAD23F-85C3-42F6-A858-9D1401C7861F}
		{1E32D383-0C30-4BA5-B969-908F1F2E15AD} = {36EAD23F-85C3-42F6-A858-9D1401C7861F}
		{D890A9C2-784C-45DC-93DB-1D2B10C1285F} = {36EAD23F-85C3-42F6-A858-9D1401C7861F}
	EndGlobalSection
	GlobalSection(ExtensibilityGlobals) = postSolution
		SolutionGuid = {F544D4C2-AB84-4A05-881A-03E1926C4623}
	EndGlobalSection
EndGlobal
